
Microsoft Visual Studio Solution File, Format Version 12.00
# Visual Studio Version 17
VisualStudioVersion = 17.10.35013.160
MinimumVisualStudioVersion = 10.0.40219.1
Project("{FAE04EC0-301F-11D3-BF4B-00C04F79EFBC}") = "TelegramEZMod", "TelegramEZMod.csproj", "{02DC17E1-5A1D-432E-B115-F5A9EF99884E}"
EndProject
Global
	GlobalSection(SolutionConfigurationPlatforms) = preSolution
		Debug|Any CPU = Debug|Any CPU
		Release|Any CPU = Release|Any CPU
	EndGlobalSection
	GlobalSection(ProjectConfigurationPlatforms) = postSolution
		{02DC17E1-5A1D-432E-B115-F5A9EF99884E}.Debug|Any CPU.ActiveCfg = Debug|Any CPU
		{02DC17E1-5A1D-432E-B115-F5A9EF99884E}.Debug|Any CPU.Build.0 = Debug|Any CPU
		{02DC17E1-5A1D-432E-B115-F5A9EF99884E}.Release|Any CPU.ActiveCfg = Release|Any CPU
		{02DC17E1-5A1D-432E-B115-F5A9EF99884E}.Release|Any CPU.Build.0 = Release|Any CPU
	EndGlobalSection
	GlobalSection(SolutionProperties) = preSolution
		HideSolutionNode = FALSE
	EndGlobalSection
	GlobalSection(ExtensibilityGlobals) = postSolution
		SolutionGuid = {7CEE3D60-931A-47DC-BA84-BAE02FE911D0}
	EndGlobalSection
EndGlobal
